// !$*UTF8*$!
{
	archiveVersion = 1;
	classes = {
	};
	objectVersion = 50;
	objects = {

/* Begin PBXBuildFile section */
		C92699602259B61300C59F70 /* AppDelegate.swift in Sources */ = {isa = PBXBuildFile; fileRef = C926995F2259B61300C59F70 /* AppDelegate.swift */; };
		C92699622259B61300C59F70 /* ViewController.swift in Sources */ = {isa = PBXBuildFile; fileRef = C92699612259B61300C59F70 /* ViewController.swift */; };
		C92699672259B61400C59F70 /* Assets.xcassets in Resources */ = {isa = PBXBuildFile; fileRef = C92699662259B61400C59F70 /* Assets.xcassets */; };
		C926996A2259B61400C59F70 /* LaunchScreen.storyboard in Resources */ = {isa = PBXBuildFile; fileRef = C92699682259B61400C59F70 /* LaunchScreen.storyboard */; };
		C92699772259B69100C59F70 /* SideMenuDrawer.framework in Frameworks */ = {isa = PBXBuildFile; fileRef = C92699762259B62700C59F70 /* SideMenuDrawer.framework */; };
		C92699782259B69100C59F70 /* SideMenuDrawer.framework in Embed Frameworks */ = {isa = PBXBuildFile; fileRef = C92699762259B62700C59F70 /* SideMenuDrawer.framework */; settings = {ATTRIBUTES = (CodeSignOnCopy, RemoveHeadersOnCopy, ); }; };
		C926997D2259B70D00C59F70 /* ViewController2.swift in Sources */ = {isa = PBXBuildFile; fileRef = C926997C2259B70D00C59F70 /* ViewController2.swift */; };
		C92699802259CE7600C59F70 /* SideMenuDrawerCell.swift in Sources */ = {isa = PBXBuildFile; fileRef = C926997F2259CE7600C59F70 /* SideMenuDrawerCell.swift */; };
/* End PBXBuildFile section */

/* Begin PBXContainerItemProxy section */
		C92699752259B62700C59F70 /* PBXContainerItemProxy */ = {
			isa = PBXContainerItemProxy;
			containerPortal = C92699712259B62700C59F70 /* SideMenuDrawer.xcodeproj */;
			proxyType = 2;
			remoteGlobalIDString = 448FDD792006361700C1AC83;
			remoteInfo = SideMenuDrawer;
		};
		C92699792259B69100C59F70 /* PBXContainerItemProxy */ = {
			isa = PBXContainerItemProxy;
			containerPortal = C92699712259B62700C59F70 /* SideMenuDrawer.xcodeproj */;
			proxyType = 1;
			remoteGlobalIDString = 448FDD782006361700C1AC83;
			remoteInfo = SideMenuDrawer;
		};
/* End PBXContainerItemProxy section */

/* Begin PBXCopyFilesBuildPhase section */
		C926997B2259B69100C59F70 /* Embed Frameworks */ = {
			isa = PBXCopyFilesBuildPhase;
			buildActionMask = 2147483647;
			dstPath = "";
			dstSubfolderSpec = 10;
			files = (
				C92699782259B69100C59F70 /* SideMenuDrawer.framework in Embed Frameworks */,
			);
			name = "Embed Frameworks";
			runOnlyForDeploymentPostprocessing = 0;
		};
/* End PBXCopyFilesBuildPhase section */

/* Begin PBXFileReference section */
		C926995C2259B61300C59F70 /* Example.app */ = {isa = PBXFileReference; explicitFileType = wrapper.application; includeInIndex = 0; path = Example.app; sourceTree = BUILT_PRODUCTS_DIR; };
		C926995F2259B61300C59F70 /* AppDelegate.swift */ = {isa = PBXFileReference; lastKnownFileType = sourcecode.swift; path = AppDelegate.swift; sourceTree = "<group>"; };
		C92699612259B61300C59F70 /* ViewController.swift */ = {isa = PBXFileReference; lastKnownFileType = sourcecode.swift; path = ViewController.swift; sourceTree = "<group>"; };
		C92699662259B61400C59F70 /* Assets.xcassets */ = {isa = PBXFileReference; lastKnownFileType = folder.assetcatalog; path = Assets.xcassets; sourceTree = "<group>"; };
		C92699692259B61400C59F70 /* Base */ = {isa = PBXFileReference; lastKnownFileType = file.storyboard; name = Base; path = Base.lproj/LaunchScreen.storyboard; sourceTree = "<group>"; };
		C926996B2259B61400C59F70 /* Info.plist */ = {isa = PBXFileReference; lastKnownFileType = text.plist.xml; path = Info.plist; sourceTree = "<group>"; };
		C92699712259B62700C59F70 /* SideMenuDrawer.xcodeproj */ = {isa = PBXFileReference; lastKnownFileType = "wrapper.pb-project"; name = SideMenuDrawer.xcodeproj; path = ../SideMenuDrawer/SideMenuDrawer.xcodeproj; sourceTree = "<group>"; };
		C926997C2259B70D00C59F70 /* ViewController2.swift */ = {isa = PBXFileReference; lastKnownFileType = sourcecode.swift; path = ViewController2.swift; sourceTree = "<group>"; };
		C926997F2259CE7600C59F70 /* SideMenuDrawerCell.swift */ = {isa = PBXFileReference; fileEncoding = 4; lastKnownFileType = sourcecode.swift; path = SideMenuDrawerCell.swift; sourceTree = "<group>"; };
/* End PBXFileReference section */

/* Begin PBXFrameworksBuildPhase section */
		C92699592259B61300C59F70 /* Frameworks */ = {
			isa = PBXFrameworksBuildPhase;
			buildActionMask = 2147483647;
			files = (
				C92699772259B69100C59F70 /* SideMenuDrawer.framework in Frameworks */,
			);
			runOnlyForDeploymentPostprocessing = 0;
		};
/* End PBXFrameworksBuildPhase section */

/* Begin PBXGroup section */
		C92699532259B61300C59F70 = {
			isa = PBXGroup;
			children = (
				C92699712259B62700C59F70 /* SideMenuDrawer.xcodeproj */,
				C926995E2259B61300C59F70 /* Example */,
				C926995D2259B61300C59F70 /* Products */,
			);
			sourceTree = "<group>";
		};
		C926995D2259B61300C59F70 /* Products */ = {
			isa = PBXGroup;
			children = (
				C926995C2259B61300C59F70 /* Example.app */,
			);
			name = Products;
			sourceTree = "<group>";
		};
		C926995E2259B61300C59F70 /* Example */ = {
			isa = PBXGroup;
			children = (
				C926995F2259B61300C59F70 /* AppDelegate.swift */,
				C92699612259B61300C59F70 /* ViewController.swift */,
				C926997F2259CE7600C59F70 /* SideMenuDrawerCell.swift */,
				C926997C2259B70D00C59F70 /* ViewController2.swift */,
				C92699662259B61400C59F70 /* Assets.xcassets */,
				C92699682259B61400C59F70 /* LaunchScreen.storyboard */,
				C926996B2259B61400C59F70 /* Info.plist */,
			);
			path = Example;
			sourceTree = "<group>";
		};
		C92699722259B62700C59F70 /* Products */ = {
			isa = PBXGroup;
			children = (
				C92699762259B62700C59F70 /* SideMenuDrawer.framework */,
			);
			name = Products;
			sourceTree = "<group>";
		};
/* End PBXGroup section */

/* Begin PBXNativeTarget section */
		C926995B2259B61300C59F70 /* Example */ = {
			isa = PBXNativeTarget;
			buildConfigurationList = C926996E2259B61400C59F70 /* Build configuration list for PBXNativeTarget "Example" */;
			buildPhases = (
				C92699582259B61300C59F70 /* Sources */,
				C92699592259B61300C59F70 /* Frameworks */,
				C926995A2259B61300C59F70 /* Resources */,
				C926997B2259B69100C59F70 /* Embed Frameworks */,
			);
			buildRules = (
			);
			dependencies = (
				C926997A2259B69100C59F70 /* PBXTargetDependency */,
			);
			name = Example;
			productName = Example;
			productReference = C926995C2259B61300C59F70 /* Example.app */;
			productType = "com.apple.product-type.application";
		};
/* End PBXNativeTarget section */

/* Begin PBXProject section */
		C92699542259B61300C59F70 /* Project object */ = {
			isa = PBXProject;
			attributes = {
				LastSwiftUpdateCheck = 1020;
				LastUpgradeCheck = 1020;
				ORGANIZATIONNAME = "Sawan Kumar";
				TargetAttributes = {
					C926995B2259B61300C59F70 = {
						CreatedOnToolsVersion = 10.2;
					};
				};
			};
			buildConfigurationList = C92699572259B61300C59F70 /* Build configuration list for PBXProject "Example" */;
			compatibilityVersion = "Xcode 9.3";
			developmentRegion = en;
			hasScannedForEncodings = 0;
			knownRegions = (
				en,
				Base,
			);
			mainGroup = C92699532259B61300C59F70;
			productRefGroup = C926995D2259B61300C59F70 /* Products */;
			projectDirPath = "";
			projectReferences = (
				{
					ProductGroup = C92699722259B62700C59F70 /* Products */;
					ProjectRef = C92699712259B62700C59F70 /* SideMenuDrawer.xcodeproj */;
				},
			);
			projectRoot = "";
			targets = (
				C926995B2259B61300C59F70 /* Example */,
			);
		};
/* End PBXProject section */

/* Begin PBXReferenceProxy section */
		C92699762259B62700C59F70 /* SideMenuDrawer.framework */ = {
			isa = PBXReferenceProxy;
			fileType = wrapper.framework;
			path = SideMenuDrawer.framework;
			remoteRef = C92699752259B62700C59F70 /* PBXContainerItemProxy */;
			sourceTree = BUILT_PRODUCTS_DIR;
		};
/* End PBXReferenceProxy section */

/* Begin PBXResourcesBuildPhase section */
		C926995A2259B61300C59F70 /* Resources */ = {
			isa = PBXResourcesBuildPhase;
			buildActionMask = 2147483647;
			files = (
				C926996A2259B61400C59F70 /* LaunchScreen.storyboard in Resources */,
				C92699672259B61400C59F70 /* Assets.xcassets in Resources */,
			);
			runOnlyForDeploymentPostprocessing = 0;
		};
/* End PBXResourcesBuildPhase section */

/* Begin PBXSourcesBuildPhase section */
		C92699582259B61300C59F70 /* Sources */ = {
			isa = PBXSourcesBuildPhase;
			buildActionMask = 2147483647;
			files = (
				C92699622259B61300C59F70 /* ViewController.swift in Sources */,
				C92699602259B61300C59F70 /* AppDelegate.swift in Sources */,
				C92699802259CE7600C59F70 /* SideMenuDrawerCell.swift in Sources */,
				C926997D2259B70D00C59F70 /* ViewController2.swift in Sources */,
			);
			runOnlyForDeploymentPostprocessing = 0;
		};
/* End PBXSourcesBuildPhase section */

/* Begin PBXTargetDependency section */
		C926997A2259B69100C59F70 /* PBXTargetDependency */ = {
			isa = PBXTargetDependency;
			name = SideMenuDrawer;
			targetProxy = C92699792259B69100C59F70 /* PBXContainerItemProxy */;
		};
/* End PBXTargetDependency section */

/* Begin PBXVariantGroup section */
		C92699682259B61400C59F70 /* LaunchScreen.storyboard */ = {
			isa = PBXVariantGroup;
			children = (
				C92699692259B61400C59F70 /* Base */,
			);
			name = LaunchScreen.storyboard;
			sourceTree = "<group>";
		};
/* End PBXVariantGroup section */

/* Begin XCBuildConfiguration section */
		C926996C2259B61400C59F70 /* Debug */ = {
			isa = XCBuildConfiguration;
			buildSettings = {
				ALWAYS_SEARCH_USER_PATHS = NO;
				CLANG_ANALYZER_NONNULL = YES;
				CLANG_ANALYZER_NUMBER_OBJECT_CONVERSION = YES_AGGRESSIVE;
				CLANG_CXX_LANGUAGE_STANDARD = "gnu++14";
				CLANG_CXX_LIBRARY = "libc++";
				CLANG_ENABLE_MODULES = YES;
				CLANG_ENABLE_OBJC_ARC = YES;
				CLANG_ENABLE_OBJC_WEAK = YES;
				CLANG_WARN_BLOCK_CAPTURE_AUTORELEASING = YES;
				CLANG_WARN_BOOL_CONVERSION = YES;
				CLANG_WARN_COMMA = YES;
				CLANG_WARN_CONSTANT_CONVERSION = YES;
				CLANG_WARN_DEPRECATED_OBJC_IMPLEMENTATIONS = YES;
				CLANG_WARN_DIRECT_OBJC_ISA_USAGE = YES_ERROR;
				CLANG_WARN_DOCUMENTATION_COMMENTS = YES;
				CLANG_WARN_EMPTY_BODY = YES;
				CLANG_WARN_ENUM_CONVERSION = YES;
				CLANG_WARN_INFINITE_RECURSION = YES;
				CLANG_WARN_INT_CONVERSION = YES;
				CLANG_WARN_NON_LITERAL_NULL_CONVERSION = YES;
				CLANG_WARN_OBJC_IMPLICIT_RETAIN_SELF = YES;
				CLANG_WARN_OBJC_LITERAL_CONVERSION = YES;
				CLANG_WARN_OBJC_ROOT_CLASS = YES_ERROR;
				CLANG_WARN_RANGE_LOOP_ANALYSIS = YES;
				CLANG_WARN_STRICT_PROTOTYPES = YES;
				CLANG_WARN_SUSPICIOUS_MOVE = YES;
				CLANG_WARN_UNGUARDED_AVAILABILITY = YES_AGGRESSIVE;
				CLANG_WARN_UNREACHABLE_CODE = YES;
				CLANG_WARN__DUPLICATE_METHOD_MATCH = YES;
				CODE_SIGN_IDENTITY = "iPhone Developer";
				COPY_PHASE_STRIP = NO;
				DEBUG_INFORMATION_FORMAT = dwarf;
				ENABLE_STRICT_OBJC_MSGSEND = YES;
				ENABLE_TESTABILITY = YES;
				GCC_C_LANGUAGE_STANDARD = gnu11;
				GCC_DYNAMIC_NO_PIC = NO;
				GCC_NO_COMMON_BLOCKS = YES;
				GCC_OPTIMIZATION_LEVEL = 0;
				GCC_PREPROCESSOR_DEFINITIONS = (
					"DEBUG=1",
					"$(inherited)",
				);
				GCC_WARN_64_TO_32_BIT_CONVERSION = YES;
				GCC_WARN_ABOUT_RETURN_TYPE = YES_ERROR;
				GCC_WARN_UNDECLARED_SELECTOR = YES;
				GCC_WARN_UNINITIALIZED_AUTOS = YES_AGGRESSIVE;
				GCC_WARN_UNUSED_FUNCTION = YES;
				GCC_WARN_UNUSED_VARIABLE = YES;
				IPHONEOS_DEPLOYMENT_TARGET = 12.2;
				MTL_ENABLE_DEBUG_INFO = INCLUDE_SOURCE;
				MTL_FAST_MATH = YES;
				ONLY_ACTIVE_ARCH = YES;
				SDKROOT = iphoneos;
				SWIFT_ACTIVE_COMPILATION_CONDITIONS = DEBUG;
				SWIFT_OPTIMIZATION_LEVEL = "-Onone";
			};
			name = Debug;
		};
		C926996D2259B61400C59F70 /* Release */ = {
			isa = XCBuildConfiguration;
			buildSettings = {
				ALWAYS_SEARCH_USER_PATHS = NO;
				CLANG_ANALYZER_NONNULL = YES;
				CLANG_ANALYZER_NUMBER_OBJECT_CONVERSION = YES_AGGRESSIVE;
				CLANG_CXX_LANGUAGE_STANDARD = "gnu++14";
				CLANG_CXX_LIBRARY = "libc++";
				CLANG_ENABLE_MODULES = YES;
				CLANG_ENABLE_OBJC_ARC = YES;
				CLANG_ENABLE_OBJC_WEAK = YES;
				CLANG_WARN_BLOCK_CAPTURE_AUTORELEASING = YES;
				CLANG_WARN_BOOL_CONVERSION = YES;
				CLANG_WARN_COMMA = YES;
				CLANG_WARN_CONSTANT_CONVERSION = YES;
				CLANG_WARN_DEPRECATED_OBJC_IMPLEMENTATIONS = YES;
				CLANG_WARN_DIRECT_OBJC_ISA_USAGE = YES_ERROR;
				CLANG_WARN_DOCUMENTATION_COMMENTS = YES;
				CLANG_WARN_EMPTY_BODY = YES;
				CLANG_WARN_ENUM_CONVERSION = YES;
				CLANG_WARN_INFINITE_RECURSION = YES;
				CLANG_WARN_INT_CONVERSION = YES;
				CLANG_WARN_NON_LITERAL_NULL_CONVERSION = YES;
				CLANG_WARN_OBJC_IMPLICIT_RETAIN_SELF = YES;
				CLANG_WARN_OBJC_LITERAL_CONVERSION = YES;
				CLANG_WARN_OBJC_ROOT_CLASS = YES_ERROR;
				CLANG_WARN_RANGE_LOOP_ANALYSIS = YES;
				CLANG_WARN_STRICT_PROTOTYPES = YES;
				CLANG_WARN_SUSPICIOUS_MOVE = YES;
				CLANG_WARN_UNGUARDED_AVAILABILITY = YES_AGGRESSIVE;
				CLANG_WARN_UNREACHABLE_CODE = YES;
				CLANG_WARN__DUPLICATE_METHOD_MATCH = YES;
				CODE_SIGN_IDENTITY = "iPhone Developer";
				COPY_PHASE_STRIP = NO;
				DEBUG_INFORMATION_FORMAT = "dwarf-with-dsym";
				ENABLE_NS_ASSERTIONS = NO;
				ENABLE_STRICT_OBJC_MSGSEND = YES;
				GCC_C_LANGUAGE_STANDARD = gnu11;
				GCC_NO_COMMON_BLOCKS = YES;
				GCC_WARN_64_TO_32_BIT_CONVERSION = YES;
				GCC_WARN_ABOUT_RETURN_TYPE = YES_ERROR;
				GCC_WARN_UNDECLARED_SELECTOR = YES;
				GCC_WARN_UNINITIALIZED_AUTOS = YES_AGGRESSIVE;
				GCC_WARN_UNUSED_FUNCTION = YES;
				GCC_WARN_UNUSED_VARIABLE = YES;
				IPHONEOS_DEPLOYMENT_TARGET = 12.2;
				MTL_ENABLE_DEBUG_INFO = NO;
				MTL_FAST_MATH = YES;
				SDKROOT = iphoneos;
				SWIFT_COMPILATION_MODE = wholemodule;
				SWIFT_OPTIMIZATION_LEVEL = "-O";
				VALIDATE_PRODUCT = YES;
			};
			name = Release;
		};
		C926996F2259B61400C59F70 /* Debug */ = {
			isa = XCBuildConfiguration;
			buildSettings = {
				ALWAYS_EMBED_SWIFT_STANDARD_LIBRARIES = YES;
				ASSETCATALOG_COMPILER_APPICON_NAME = AppIcon;
				CODE_SIGN_STYLE = Automatic;
				DEVELOPMENT_TEAM = 6S96Z7J39V;
				INFOPLIST_FILE = Example/Info.plist;
				LD_RUNPATH_SEARCH_PATHS = (
					"$(inherited)",
					"@executable_path/Frameworks",
				);
				PRODUCT_BUNDLE_IDENTIFIER = TransferX.Example;
				PRODUCT_NAME = "$(TARGET_NAME)";
				SWIFT_VERSION = 5.0;
				TARGETED_DEVICE_FAMILY = "1,2";
			};
			name = Debug;
		};
		C92699702259B61400C59F70 /* Release */ = {
			isa = XCBuildConfiguration;
			buildSettings = {
				ALWAYS_EMBED_SWIFT_STANDARD_LIBRARIES = YES;
				ASSETCATALOG_COMPILER_APPICON_NAME = AppIcon;
				CODE_SIGN_STYLE = Automatic;
				DEVELOPMENT_TEAM = 6S96Z7J39V;
				INFOPLIST_FILE = Example/Info.plist;
				LD_RUNPATH_SEARCH_PATHS = (
					"$(inherited)",
					"@executable_path/Frameworks",
				);
				PRODUCT_BUNDLE_IDENTIFIER = TransferX.Example;
				PRODUCT_NAME = "$(TARGET_NAME)";
				SWIFT_VERSION = 5.0;
				TARGETED_DEVICE_FAMILY = "1,2";
			};
			name = Release;
		};
/* End XCBuildConfiguration section */

/* Begin XCConfigurationList section */
		C92699572259B61300C59F70 /* Build configuration list for PBXProject "Example" */ = {
			isa = XCConfigurationList;
			buildConfigurations = (
				C926996C2259B61400C59F70 /* Debug */,
				C926996D2259B61400C59F70 /* Release */,
			);
			defaultConfigurationIsVisible = 0;
			defaultConfigurationName = Release;
		};
		C926996E2259B61400C59F70 /* Build configuration list for PBXNativeTarget "Example" */ = {
			isa = XCConfigurationList;
			buildConfigurations = (
				C926996F2259B61400C59F70 /* Debug */,
				C92699702259B61400C59F70 /* Release */,
			);
			defaultConfigurationIsVisible = 0;
			defaultConfigurationName = Release;
		};
/* End XCConfigurationList section */
	};
	rootObject = C92699542259B61300C59F70 /* Project object */;
}
